
Microsoft Visual Studio Solution File, Format Version 12.00
# Visual Studio Version 16
VisualStudioVersion = 16.0.30413.136
MinimumVisualStudioVersion = 10.0.40219.1
Project("{FAE04EC0-301F-11D3-BF4B-00C04F79EFBC}") = "ASM SUPPORT", "ASM SUPPORT\ASM SUPPORT.csproj", "{A97592C9-1097-48E8-91CC-D4CEBA867CF0}"
EndProject
Project("{54435603-DBB4-11D2-8724-00A0C9A8B90C}") = "Asm Support setup", "Asm Support setup\Asm Support setup.vdproj", "{D593F54E-75F3-4B06-9B38-D94DFAB426A7}"
EndProject
Global
	GlobalSection(SolutionConfigurationPlatforms) = preSolution
		Debug|Any CPU = Debug|Any CPU
		Release|Any CPU = Release|Any CPU
	EndGlobalSection
	GlobalSection(ProjectConfigurationPlatforms) = postSolution
		{A97592C9-1097-48E8-91CC-D4CEBA867CF0}.Debug|Any CPU.ActiveCfg = Debug|Any CPU
		{A97592C9-1097-48E8-91CC-D4CEBA867CF0}.Debug|Any CPU.Build.0 = Debug|Any CPU
		{A97592C9-1097-48E8-91CC-D4CEBA867CF0}.Release|Any CPU.ActiveCfg = Release|Any CPU
		{A97592C9-1097-48E8-91CC-D4CEBA867CF0}.Release|Any CPU.Build.0 = Release|Any CPU
		{D593F54E-75F3-4B06-9B38-D94DFAB426A7}.Debug|Any CPU.ActiveCfg = Debug
		{D593F54E-75F3-4B06-9B38-D94DFAB426A7}.Release|Any CPU.ActiveCfg = Release
	EndGlobalSection
	GlobalSection(SolutionProperties) = preSolution
		HideSolutionNode = FALSE
	EndGlobalSection
	GlobalSection(ExtensibilityGlobals) = postSolution
		SolutionGuid = {BCC837B9-F68C-4A34-83AF-54B40B3A3BD3}
	EndGlobalSection
EndGlobal
